
Microsoft Visual Studio Solution File, Format Version 12.00
# Visual Studio Version 17
VisualStudioVersion = 17.9.34728.123
MinimumVisualStudioVersion = 10.0.40219.1
Project("{FAE04EC0-301F-11D3-BF4B-00C04F79EFBC}") = "emne-3-switch", "emne-3-switch\emne-3-switch.csproj", "{6FC05DAE-4213-426D-B3AA-54F11DBBD9B0}"
EndProject
Global
	GlobalSection(SolutionConfigurationPlatforms) = preSolution
		Debug|Any CPU = Debug|Any CPU
		Release|Any CPU = Release|Any CPU
	EndGlobalSection
	GlobalSection(ProjectConfigurationPlatforms) = postSolution
		{6FC05DAE-4213-426D-B3AA-54F11DBBD9B0}.Debug|Any CPU.ActiveCfg = Debug|Any CPU
		{6FC05DAE-4213-426D-B3AA-54F11DBBD9B0}.Debug|Any CPU.Build.0 = Debug|Any CPU
		{6FC05DAE-4213-426D-B3AA-54F11DBBD9B0}.Release|Any CPU.ActiveCfg = Release|Any CPU
		{6FC05DAE-4213-426D-B3AA-54F11DBBD9B0}.Release|Any CPU.Build.0 = Release|Any CPU
	EndGlobalSection
	GlobalSection(SolutionProperties) = preSolution
		HideSolutionNode = FALSE
	EndGlobalSection
	GlobalSection(ExtensibilityGlobals) = postSolution
		SolutionGuid = {B2E0D66C-FB04-404D-9E01-F78DCBC77151}
	EndGlobalSection
EndGlobal
